
Microsoft Visual Studio Solution File, Format Version 12.00
# Visual Studio 15
VisualStudioVersion = 15.0.27703.2042
MinimumVisualStudioVersion = 10.0.40219.1
Project("{9A19103F-16F7-4668-BE54-9A1E7A4F7556}") = "ACS", "ACS\ACS.csproj", "{8E6337EC-818C-4650-AF37-D5BC89FD47BF}"
EndProject
Project("{9A19103F-16F7-4668-BE54-9A1E7A4F7556}") = "TestApp", "TestApp\TestApp.csproj", "{7E00E389-981B-4F28-9E17-AD3752444422}"
	ProjectSection(ProjectDependencies) = postProject
		{8E6337EC-818C-4650-AF37-D5BC89FD47BF} = {8E6337EC-818C-4650-AF37-D5BC89FD47BF}
	EndProjectSection
EndProject
Project("{9A19103F-16F7-4668-BE54-9A1E7A4F7556}") = "ACS.CLI", "ACS.CLI\ACS.CLI.csproj", "{8A2BAF92-BA7A-40F8-9FD9-4A2B47BC976B}"
	ProjectSection(ProjectDependencies) = postProject
		{8E6337EC-818C-4650-AF37-D5BC89FD47BF} = {8E6337EC-818C-4650-AF37-D5BC89FD47BF}
	EndProjectSection
EndProject
Global
	GlobalSection(SolutionConfigurationPlatforms) = preSolution
		Debug|Any CPU = Debug|Any CPU
		Release|Any CPU = Release|Any CPU
	EndGlobalSection
	GlobalSection(ProjectConfigurationPlatforms) = postSolution
		{8E6337EC-818C-4650-AF37-D5BC89FD47BF}.Debug|Any CPU.ActiveCfg = Debug|Any CPU
		{8E6337EC-818C-4650-AF37-D5BC89FD47BF}.Debug|Any CPU.Build.0 = Debug|Any CPU
		{8E6337EC-818C-4650-AF37-D5BC89FD47BF}.Release|Any CPU.ActiveCfg = Release|Any CPU
		{8E6337EC-818C-4650-AF37-D5BC89FD47BF}.Release|Any CPU.Build.0 = Release|Any CPU
		{7E00E389-981B-4F28-9E17-AD3752444422}.Debug|Any CPU.ActiveCfg = Debug|Any CPU
		{7E00E389-981B-4F28-9E17-AD3752444422}.Debug|Any CPU.Build.0 = Debug|Any CPU
		{7E00E389-981B-4F28-9E17-AD3752444422}.Release|Any CPU.ActiveCfg = Release|Any CPU
		{7E00E389-981B-4F28-9E17-AD3752444422}.Release|Any CPU.Build.0 = Release|Any CPU
		{8A2BAF92-BA7A-40F8-9FD9-4A2B47BC976B}.Debug|Any CPU.ActiveCfg = Debug|Any CPU
		{8A2BAF92-BA7A-40F8-9FD9-4A2B47BC976B}.Debug|Any CPU.Build.0 = Debug|Any CPU
		{8A2BAF92-BA7A-40F8-9FD9-4A2B47BC976B}.Release|Any CPU.ActiveCfg = Release|Any CPU
		{8A2BAF92-BA7A-40F8-9FD9-4A2B47BC976B}.Release|Any CPU.Build.0 = Release|Any CPU
	EndGlobalSection
	GlobalSection(SolutionProperties) = preSolution
		HideSolutionNode = FALSE
	EndGlobalSection
	GlobalSection(ExtensibilityGlobals) = postSolution
		SolutionGuid = {13CFA21D-9FD4-4C31-B819-DAC8DBF399C2}
	EndGlobalSection
EndGlobal
