
Microsoft Visual Studio Solution File, Format Version 12.00
# Visual Studio 15
VisualStudioVersion = 15.0.27703.2042
MinimumVisualStudioVersion = 10.0.40219.1
Project("{FAE04EC0-301F-11D3-BF4B-00C04F79EFBC}") = "ACS", "ACS\ACS.csproj", "{8E6337EC-818C-4650-AF37-D5BC89FD47BF}"
EndProject
Global
	GlobalSection(SolutionConfigurationPlatforms) = preSolution
		Debug|Any CPU = Debug|Any CPU
		Release|Any CPU = Release|Any CPU
	EndGlobalSection
	GlobalSection(ProjectConfigurationPlatforms) = postSolution
		{8E6337EC-818C-4650-AF37-D5BC89FD47BF}.Debug|Any CPU.ActiveCfg = Debug|Any CPU
		{8E6337EC-818C-4650-AF37-D5BC89FD47BF}.Debug|Any CPU.Build.0 = Debug|Any CPU
		{8E6337EC-818C-4650-AF37-D5BC89FD47BF}.Release|Any CPU.ActiveCfg = Release|Any CPU
		{8E6337EC-818C-4650-AF37-D5BC89FD47BF}.Release|Any CPU.Build.0 = Release|Any CPU
	EndGlobalSection
	GlobalSection(SolutionProperties) = preSolution
		HideSolutionNode = FALSE
	EndGlobalSection
	GlobalSection(ExtensibilityGlobals) = postSolution
		SolutionGuid = {13CFA21D-9FD4-4C31-B819-DAC8DBF399C2}
	EndGlobalSection
EndGlobal
